
Microsoft Visual Studio Solution File, Format Version 12.00
# Visual Studio Version 17
VisualStudioVersion = 17.4.33205.214
MinimumVisualStudioVersion = 10.0.40219.1
Project("{888888A0-9F3D-457C-B088-3A5042F75D52}") = "DTW", "DTW\DTW.pyproj", "{E4498F61-0C4D-4C75-9597-16605C8B58F3}"
EndProject
Global
	GlobalSection(SolutionConfigurationPlatforms) = preSolution
		Debug|Any CPU = Debug|Any CPU
		Release|Any CPU = Release|Any CPU
	EndGlobalSection
	GlobalSection(ProjectConfigurationPlatforms) = postSolution
		{E4498F61-0C4D-4C75-9597-16605C8B58F3}.Debug|Any CPU.ActiveCfg = Debug|Any CPU
		{E4498F61-0C4D-4C75-9597-16605C8B58F3}.Release|Any CPU.ActiveCfg = Release|Any CPU
	EndGlobalSection
	GlobalSection(SolutionProperties) = preSolution
		HideSolutionNode = FALSE
	EndGlobalSection
	GlobalSection(ExtensibilityGlobals) = postSolution
		SolutionGuid = {E4D1D58A-B180-4F26-BD38-688479A5ABDF}
	EndGlobalSection
EndGlobal
